// !$*UTF8*$!
{
	archiveVersion = 1;
	classes = {
	};
	objectVersion = 51;
	objects = {

/* Begin PBXBuildFile section */
		1D2FCB7424457EA80024FFBB /* OnboardingViewController.swift in Sources */ = {isa = PBXBuildFile; fileRef = 1D2FCB7324457EA80024FFBB /* OnboardingViewController.swift */; };
		1D2FCB7624457FF10024FFBB /* Fonts in Resources */ = {isa = PBXBuildFile; fileRef = 1D2FCB7524457FF10024FFBB /* Fonts */; };
		1D2FCB832445A17F0024FFBB /* DatabaseProtocol.swift in Sources */ = {isa = PBXBuildFile; fileRef = 1D2FCB822445A17F0024FFBB /* DatabaseProtocol.swift */; };
		1D2FCB852445A2EF0024FFBB /* MulticastDelegate.swift in Sources */ = {isa = PBXBuildFile; fileRef = 1D2FCB842445A2EF0024FFBB /* MulticastDelegate.swift */; };
		1D2FCB872445A3110024FFBB /* FirebaseController.swift in Sources */ = {isa = PBXBuildFile; fileRef = 1D2FCB862445A3110024FFBB /* FirebaseController.swift */; };
		1D2FCB892445BB9F0024FFBB /* GoogleService-Info.plist in Resources */ = {isa = PBXBuildFile; fileRef = 1D2FCB882445BB9F0024FFBB /* GoogleService-Info.plist */; };
		1D50297D243D90C100D4F426 /* UserdefaultsController.swift in Sources */ = {isa = PBXBuildFile; fileRef = 1D50297C243D90C100D4F426 /* UserdefaultsController.swift */; };
		1D502981243D919A00D4F426 /* UserdefaultsProtocol.swift in Sources */ = {isa = PBXBuildFile; fileRef = 1D502980243D919A00D4F426 /* UserdefaultsProtocol.swift */; };
		1D9EED2F243C3A7D00EE97D2 /* AppDelegate.swift in Sources */ = {isa = PBXBuildFile; fileRef = 1D9EED2E243C3A7D00EE97D2 /* AppDelegate.swift */; };
		1D9EED31243C3A7D00EE97D2 /* SceneDelegate.swift in Sources */ = {isa = PBXBuildFile; fileRef = 1D9EED30243C3A7D00EE97D2 /* SceneDelegate.swift */; };
		1D9EED33243C3A7D00EE97D2 /* ViewController.swift in Sources */ = {isa = PBXBuildFile; fileRef = 1D9EED32243C3A7D00EE97D2 /* ViewController.swift */; };
		1D9EED36243C3A7D00EE97D2 /* Main.storyboard in Resources */ = {isa = PBXBuildFile; fileRef = 1D9EED34243C3A7D00EE97D2 /* Main.storyboard */; };
		1D9EED38243C3A7E00EE97D2 /* Assets.xcassets in Resources */ = {isa = PBXBuildFile; fileRef = 1D9EED37243C3A7E00EE97D2 /* Assets.xcassets */; };
		1D9EED3B243C3A7E00EE97D2 /* LaunchScreen.storyboard in Resources */ = {isa = PBXBuildFile; fileRef = 1D9EED39243C3A7E00EE97D2 /* LaunchScreen.storyboard */; };
		1D9EED46243C3A7E00EE97D2 /* GreenFarmMonitorTests.swift in Sources */ = {isa = PBXBuildFile; fileRef = 1D9EED45243C3A7E00EE97D2 /* GreenFarmMonitorTests.swift */; };
		1D9EED51243C3A7F00EE97D2 /* GreenFarmMonitorUITests.swift in Sources */ = {isa = PBXBuildFile; fileRef = 1D9EED50243C3A7F00EE97D2 /* GreenFarmMonitorUITests.swift */; };
		1DDEE7DD244432CF005BC7D8 /* Crop.swift in Sources */ = {isa = PBXBuildFile; fileRef = 1DDEE7DC244432CF005BC7D8 /* Crop.swift */; };
		1DDEE7DF244433D3005BC7D8 /* MyCropTableViewController.swift in Sources */ = {isa = PBXBuildFile; fileRef = 1DDEE7DE244433D3005BC7D8 /* MyCropTableViewController.swift */; };
		1DDEE7E12444363B005BC7D8 /* CropTableViewCell.swift in Sources */ = {isa = PBXBuildFile; fileRef = 1DDEE7E02444363B005BC7D8 /* CropTableViewCell.swift */; };
		1DDEE7E5244443CD005BC7D8 /* AddNewCropViewController.swift in Sources */ = {isa = PBXBuildFile; fileRef = 1DDEE7E4244443CD005BC7D8 /* AddNewCropViewController.swift */; };
		1DDEE7E724445EEC005BC7D8 /* DetailNewCropViewController.swift in Sources */ = {isa = PBXBuildFile; fileRef = 1DDEE7E624445EEC005BC7D8 /* DetailNewCropViewController.swift */; };
		1DDEE7E924446777005BC7D8 /* MyCropCellTableViewCell.swift in Sources */ = {isa = PBXBuildFile; fileRef = 1DDEE7E824446777005BC7D8 /* MyCropCellTableViewCell.swift */; };
		1DDEE7ED24448112005BC7D8 /* FirstViewController.swift in Sources */ = {isa = PBXBuildFile; fileRef = 1DDEE7EC24448112005BC7D8 /* FirstViewController.swift */; };
		1DDEE7F224448F72005BC7D8 /* intro2.mp4 in Resources */ = {isa = PBXBuildFile; fileRef = 1DDEE7F124448F68005BC7D8 /* intro2.mp4 */; };
		1DDEE7F424449C46005BC7D8 /* MyCropMainTableViewCell.swift in Sources */ = {isa = PBXBuildFile; fileRef = 1DDEE7F324449C46005BC7D8 /* MyCropMainTableViewCell.swift */; };
		1DFBCFC52446B63900DCC4B2 /* UserCropRelation.swift in Sources */ = {isa = PBXBuildFile; fileRef = 1DFBCFC42446B63900DCC4B2 /* UserCropRelation.swift */; };
		1DFBCFC72446CBBC00DCC4B2 /* LoginViewController.swift in Sources */ = {isa = PBXBuildFile; fileRef = 1DFBCFC62446CBBC00DCC4B2 /* LoginViewController.swift */; };
		1DFBCFC92446CF4C00DCC4B2 /* User.swift in Sources */ = {isa = PBXBuildFile; fileRef = 1DFBCFC82446CF4C00DCC4B2 /* User.swift */; };
		6992816D53F91886A2B7680D /* Pods_GreenFarmMonitor.framework in Frameworks */ = {isa = PBXBuildFile; fileRef = A122108DE2294E9FA457C053 /* Pods_GreenFarmMonitor.framework */; };
		71835699E5530A901DEE4FB1 /* Pods_GreenFarmMonitorTests.framework in Frameworks */ = {isa = PBXBuildFile; fileRef = F61D639F27E8DC5F2B99E811 /* Pods_GreenFarmMonitorTests.framework */; };
		D26E170D55087CF02BE5EBCE /* Pods_GreenFarmMonitor_GreenFarmMonitorUITests.framework in Frameworks */ = {isa = PBXBuildFile; fileRef = AA1C0F13ABC1DA09716F02BC /* Pods_GreenFarmMonitor_GreenFarmMonitorUITests.framework */; };
		E883C94224443BEB006F6AC8 /* DiseaseViewController.swift in Sources */ = {isa = PBXBuildFile; fileRef = E883C94124443BEB006F6AC8 /* DiseaseViewController.swift */; };
		E883C944244442F3006F6AC8 /* DiseaseOfCrops.swift in Sources */ = {isa = PBXBuildFile; fileRef = E883C943244442F3006F6AC8 /* DiseaseOfCrops.swift */; };
		E883C94624444B8B006F6AC8 /* MyCropsTableViewCell.swift in Sources */ = {isa = PBXBuildFile; fileRef = E883C94524444B8B006F6AC8 /* MyCropsTableViewCell.swift */; };
		E883C94824444BDB006F6AC8 /* DiseaseTableViewCell.swift in Sources */ = {isa = PBXBuildFile; fileRef = E883C94724444BDB006F6AC8 /* DiseaseTableViewCell.swift */; };
		E883C94A24446A04006F6AC8 /* DetailOfDiseaseViewController.swift in Sources */ = {isa = PBXBuildFile; fileRef = E883C94924446A04006F6AC8 /* DetailOfDiseaseViewController.swift */; };
		E883C94C244473E1006F6AC8 /* SymptomsViewController.swift in Sources */ = {isa = PBXBuildFile; fileRef = E883C94B244473E1006F6AC8 /* SymptomsViewController.swift */; };
/* End PBXBuildFile section */

/* Begin PBXContainerItemProxy section */
		1D9EED42243C3A7E00EE97D2 /* PBXContainerItemProxy */ = {
			isa = PBXContainerItemProxy;
			containerPortal = 1D9EED23243C3A7D00EE97D2 /* Project object */;
			proxyType = 1;
			remoteGlobalIDString = 1D9EED2A243C3A7D00EE97D2;
			remoteInfo = GreenFarmMonitor;
		};
		1D9EED4D243C3A7F00EE97D2 /* PBXContainerItemProxy */ = {
			isa = PBXContainerItemProxy;
			containerPortal = 1D9EED23243C3A7D00EE97D2 /* Project object */;
			proxyType = 1;
			remoteGlobalIDString = 1D9EED2A243C3A7D00EE97D2;
			remoteInfo = GreenFarmMonitor;
		};
/* End PBXContainerItemProxy section */

/* Begin PBXFileReference section */
		1D2FCB7324457EA80024FFBB /* OnboardingViewController.swift */ = {isa = PBXFileReference; lastKnownFileType = sourcecode.swift; path = OnboardingViewController.swift; sourceTree = "<group>"; };
		1D2FCB7524457FF10024FFBB /* Fonts */ = {isa = PBXFileReference; lastKnownFileType = folder; path = Fonts; sourceTree = "<group>"; };
		1D2FCB822445A17F0024FFBB /* DatabaseProtocol.swift */ = {isa = PBXFileReference; lastKnownFileType = sourcecode.swift; path = DatabaseProtocol.swift; sourceTree = "<group>"; };
		1D2FCB842445A2EF0024FFBB /* MulticastDelegate.swift */ = {isa = PBXFileReference; lastKnownFileType = sourcecode.swift; path = MulticastDelegate.swift; sourceTree = "<group>"; };
		1D2FCB862445A3110024FFBB /* FirebaseController.swift */ = {isa = PBXFileReference; lastKnownFileType = sourcecode.swift; path = FirebaseController.swift; sourceTree = "<group>"; };
		1D2FCB882445BB9F0024FFBB /* GoogleService-Info.plist */ = {isa = PBXFileReference; fileEncoding = 4; lastKnownFileType = text.plist.xml; path = "GoogleService-Info.plist"; sourceTree = "<group>"; };
		1D50297C243D90C100D4F426 /* UserdefaultsController.swift */ = {isa = PBXFileReference; lastKnownFileType = sourcecode.swift; path = UserdefaultsController.swift; sourceTree = "<group>"; };
		1D502980243D919A00D4F426 /* UserdefaultsProtocol.swift */ = {isa = PBXFileReference; lastKnownFileType = sourcecode.swift; path = UserdefaultsProtocol.swift; sourceTree = "<group>"; };
		1D9EED2B243C3A7D00EE97D2 /* Green Farm Monitor.app */ = {isa = PBXFileReference; explicitFileType = wrapper.application; includeInIndex = 0; path = "Green Farm Monitor.app"; sourceTree = BUILT_PRODUCTS_DIR; };
		1D9EED2E243C3A7D00EE97D2 /* AppDelegate.swift */ = {isa = PBXFileReference; lastKnownFileType = sourcecode.swift; path = AppDelegate.swift; sourceTree = "<group>"; };
		1D9EED30243C3A7D00EE97D2 /* SceneDelegate.swift */ = {isa = PBXFileReference; lastKnownFileType = sourcecode.swift; path = SceneDelegate.swift; sourceTree = "<group>"; };
		1D9EED32243C3A7D00EE97D2 /* ViewController.swift */ = {isa = PBXFileReference; lastKnownFileType = sourcecode.swift; path = ViewController.swift; sourceTree = "<group>"; };
		1D9EED35243C3A7D00EE97D2 /* Base */ = {isa = PBXFileReference; lastKnownFileType = file.storyboard; name = Base; path = Base.lproj/Main.storyboard; sourceTree = "<group>"; };
		1D9EED37243C3A7E00EE97D2 /* Assets.xcassets */ = {isa = PBXFileReference; lastKnownFileType = folder.assetcatalog; path = Assets.xcassets; sourceTree = "<group>"; };
		1D9EED3A243C3A7E00EE97D2 /* Base */ = {isa = PBXFileReference; lastKnownFileType = file.storyboard; name = Base; path = Base.lproj/LaunchScreen.storyboard; sourceTree = "<group>"; };
		1D9EED3C243C3A7E00EE97D2 /* Info.plist */ = {isa = PBXFileReference; lastKnownFileType = text.plist.xml; path = Info.plist; sourceTree = "<group>"; };
		1D9EED41243C3A7E00EE97D2 /* GreenFarmMonitorTests.xctest */ = {isa = PBXFileReference; explicitFileType = wrapper.cfbundle; includeInIndex = 0; path = GreenFarmMonitorTests.xctest; sourceTree = BUILT_PRODUCTS_DIR; };
		1D9EED45243C3A7E00EE97D2 /* GreenFarmMonitorTests.swift */ = {isa = PBXFileReference; lastKnownFileType = sourcecode.swift; path = GreenFarmMonitorTests.swift; sourceTree = "<group>"; };
		1D9EED47243C3A7E00EE97D2 /* Info.plist */ = {isa = PBXFileReference; lastKnownFileType = text.plist.xml; path = Info.plist; sourceTree = "<group>"; };
		1D9EED4C243C3A7F00EE97D2 /* GreenFarmMonitorUITests.xctest */ = {isa = PBXFileReference; explicitFileType = wrapper.cfbundle; includeInIndex = 0; path = GreenFarmMonitorUITests.xctest; sourceTree = BUILT_PRODUCTS_DIR; };
		1D9EED50243C3A7F00EE97D2 /* GreenFarmMonitorUITests.swift */ = {isa = PBXFileReference; lastKnownFileType = sourcecode.swift; path = GreenFarmMonitorUITests.swift; sourceTree = "<group>"; };
		1D9EED52243C3A7F00EE97D2 /* Info.plist */ = {isa = PBXFileReference; lastKnownFileType = text.plist.xml; path = Info.plist; sourceTree = "<group>"; };
		1DDEE7DC244432CF005BC7D8 /* Crop.swift */ = {isa = PBXFileReference; lastKnownFileType = sourcecode.swift; path = Crop.swift; sourceTree = "<group>"; };
		1DDEE7DE244433D3005BC7D8 /* MyCropTableViewController.swift */ = {isa = PBXFileReference; lastKnownFileType = sourcecode.swift; path = MyCropTableViewController.swift; sourceTree = "<group>"; };
		1DDEE7E02444363B005BC7D8 /* CropTableViewCell.swift */ = {isa = PBXFileReference; lastKnownFileType = sourcecode.swift; path = CropTableViewCell.swift; sourceTree = "<group>"; };
		1DDEE7E4244443CD005BC7D8 /* AddNewCropViewController.swift */ = {isa = PBXFileReference; lastKnownFileType = sourcecode.swift; path = AddNewCropViewController.swift; sourceTree = "<group>"; };
		1DDEE7E624445EEC005BC7D8 /* DetailNewCropViewController.swift */ = {isa = PBXFileReference; lastKnownFileType = sourcecode.swift; path = DetailNewCropViewController.swift; sourceTree = "<group>"; };
		1DDEE7E824446777005BC7D8 /* MyCropCellTableViewCell.swift */ = {isa = PBXFileReference; lastKnownFileType = sourcecode.swift; path = MyCropCellTableViewCell.swift; sourceTree = "<group>"; };
		1DDEE7EC24448112005BC7D8 /* FirstViewController.swift */ = {isa = PBXFileReference; lastKnownFileType = sourcecode.swift; path = FirstViewController.swift; sourceTree = "<group>"; };
		1DDEE7F124448F68005BC7D8 /* intro2.mp4 */ = {isa = PBXFileReference; lastKnownFileType = file; path = intro2.mp4; sourceTree = "<group>"; };
		1DDEE7F324449C46005BC7D8 /* MyCropMainTableViewCell.swift */ = {isa = PBXFileReference; lastKnownFileType = sourcecode.swift; path = MyCropMainTableViewCell.swift; sourceTree = "<group>"; };
		1DFBCFC42446B63900DCC4B2 /* UserCropRelation.swift */ = {isa = PBXFileReference; lastKnownFileType = sourcecode.swift; path = UserCropRelation.swift; sourceTree = "<group>"; };
		1DFBCFC62446CBBC00DCC4B2 /* LoginViewController.swift */ = {isa = PBXFileReference; lastKnownFileType = sourcecode.swift; path = LoginViewController.swift; sourceTree = "<group>"; };
		1DFBCFC82446CF4C00DCC4B2 /* User.swift */ = {isa = PBXFileReference; lastKnownFileType = sourcecode.swift; path = User.swift; sourceTree = "<group>"; };
		24C2FF36E3EE696890DBFDC0 /* Pods-GreenFarmMonitor-GreenFarmMonitorUITests.debug.xcconfig */ = {isa = PBXFileReference; includeInIndex = 1; lastKnownFileType = text.xcconfig; name = "Pods-GreenFarmMonitor-GreenFarmMonitorUITests.debug.xcconfig"; path = "Target Support Files/Pods-GreenFarmMonitor-GreenFarmMonitorUITests/Pods-GreenFarmMonitor-GreenFarmMonitorUITests.debug.xcconfig"; sourceTree = "<group>"; };
		5199DFB7DDCBF11918E71EB6 /* Pods-GreenFarmMonitor.release.xcconfig */ = {isa = PBXFileReference; includeInIndex = 1; lastKnownFileType = text.xcconfig; name = "Pods-GreenFarmMonitor.release.xcconfig"; path = "Target Support Files/Pods-GreenFarmMonitor/Pods-GreenFarmMonitor.release.xcconfig"; sourceTree = "<group>"; };
		84188086EAE359F9609095B7 /* Pods-GreenFarmMonitor.debug.xcconfig */ = {isa = PBXFileReference; includeInIndex = 1; lastKnownFileType = text.xcconfig; name = "Pods-GreenFarmMonitor.debug.xcconfig"; path = "Target Support Files/Pods-GreenFarmMonitor/Pods-GreenFarmMonitor.debug.xcconfig"; sourceTree = "<group>"; };
		858380275824480C34138CC4 /* Pods-GreenFarmMonitor-GreenFarmMonitorUITests.release.xcconfig */ = {isa = PBXFileReference; includeInIndex = 1; lastKnownFileType = text.xcconfig; name = "Pods-GreenFarmMonitor-GreenFarmMonitorUITests.release.xcconfig"; path = "Target Support Files/Pods-GreenFarmMonitor-GreenFarmMonitorUITests/Pods-GreenFarmMonitor-GreenFarmMonitorUITests.release.xcconfig"; sourceTree = "<group>"; };
		A122108DE2294E9FA457C053 /* Pods_GreenFarmMonitor.framework */ = {isa = PBXFileReference; explicitFileType = wrapper.framework; includeInIndex = 0; path = Pods_GreenFarmMonitor.framework; sourceTree = BUILT_PRODUCTS_DIR; };
		AA1C0F13ABC1DA09716F02BC /* Pods_GreenFarmMonitor_GreenFarmMonitorUITests.framework */ = {isa = PBXFileReference; explicitFileType = wrapper.framework; includeInIndex = 0; path = Pods_GreenFarmMonitor_GreenFarmMonitorUITests.framework; sourceTree = BUILT_PRODUCTS_DIR; };
		D31F8651731FD2164B702A8E /* Pods-GreenFarmMonitorTests.release.xcconfig */ = {isa = PBXFileReference; includeInIndex = 1; lastKnownFileType = text.xcconfig; name = "Pods-GreenFarmMonitorTests.release.xcconfig"; path = "Target Support Files/Pods-GreenFarmMonitorTests/Pods-GreenFarmMonitorTests.release.xcconfig"; sourceTree = "<group>"; };
		D72296D4C58E57A318A390F9 /* Pods-GreenFarmMonitorTests.debug.xcconfig */ = {isa = PBXFileReference; includeInIndex = 1; lastKnownFileType = text.xcconfig; name = "Pods-GreenFarmMonitorTests.debug.xcconfig"; path = "Target Support Files/Pods-GreenFarmMonitorTests/Pods-GreenFarmMonitorTests.debug.xcconfig"; sourceTree = "<group>"; };
		E883C94124443BEB006F6AC8 /* DiseaseViewController.swift */ = {isa = PBXFileReference; lastKnownFileType = sourcecode.swift; path = DiseaseViewController.swift; sourceTree = "<group>"; };
		E883C943244442F3006F6AC8 /* DiseaseOfCrops.swift */ = {isa = PBXFileReference; lastKnownFileType = sourcecode.swift; path = DiseaseOfCrops.swift; sourceTree = "<group>"; };
		E883C94524444B8B006F6AC8 /* MyCropsTableViewCell.swift */ = {isa = PBXFileReference; lastKnownFileType = sourcecode.swift; path = MyCropsTableViewCell.swift; sourceTree = "<group>"; };
		E883C94724444BDB006F6AC8 /* DiseaseTableViewCell.swift */ = {isa = PBXFileReference; lastKnownFileType = sourcecode.swift; path = DiseaseTableViewCell.swift; sourceTree = "<group>"; };
		E883C94924446A04006F6AC8 /* DetailOfDiseaseViewController.swift */ = {isa = PBXFileReference; lastKnownFileType = sourcecode.swift; path = DetailOfDiseaseViewController.swift; sourceTree = "<group>"; };
		E883C94B244473E1006F6AC8 /* SymptomsViewController.swift */ = {isa = PBXFileReference; lastKnownFileType = sourcecode.swift; path = SymptomsViewController.swift; sourceTree = "<group>"; };
		F61D639F27E8DC5F2B99E811 /* Pods_GreenFarmMonitorTests.framework */ = {isa = PBXFileReference; explicitFileType = wrapper.framework; includeInIndex = 0; path = Pods_GreenFarmMonitorTests.framework; sourceTree = BUILT_PRODUCTS_DIR; };
/* End PBXFileReference section */

/* Begin PBXFrameworksBuildPhase section */
		1D9EED28243C3A7D00EE97D2 /* Frameworks */ = {
			isa = PBXFrameworksBuildPhase;
			buildActionMask = 2147483647;
			files = (
				6992816D53F91886A2B7680D /* Pods_GreenFarmMonitor.framework in Frameworks */,
			);
			runOnlyForDeploymentPostprocessing = 0;
		};
		1D9EED3E243C3A7E00EE97D2 /* Frameworks */ = {
			isa = PBXFrameworksBuildPhase;
			buildActionMask = 2147483647;
			files = (
				71835699E5530A901DEE4FB1 /* Pods_GreenFarmMonitorTests.framework in Frameworks */,
			);
			runOnlyForDeploymentPostprocessing = 0;
		};
		1D9EED49243C3A7F00EE97D2 /* Frameworks */ = {
			isa = PBXFrameworksBuildPhase;
			buildActionMask = 2147483647;
			files = (
				D26E170D55087CF02BE5EBCE /* Pods_GreenFarmMonitor_GreenFarmMonitorUITests.framework in Frameworks */,
			);
			runOnlyForDeploymentPostprocessing = 0;
		};
/* End PBXFrameworksBuildPhase section */

/* Begin PBXGroup section */
		12C4BB09FC6B58A9390B1918 /* Frameworks */ = {
			isa = PBXGroup;
			children = (
				A122108DE2294E9FA457C053 /* Pods_GreenFarmMonitor.framework */,
				AA1C0F13ABC1DA09716F02BC /* Pods_GreenFarmMonitor_GreenFarmMonitorUITests.framework */,
				F61D639F27E8DC5F2B99E811 /* Pods_GreenFarmMonitorTests.framework */,
			);
			name = Frameworks;
			sourceTree = "<group>";
		};
		1D0B0840243D82390098D644 /* UserDefaults */ = {
			isa = PBXGroup;
			children = (
				1D50297C243D90C100D4F426 /* UserdefaultsController.swift */,
				1D502980243D919A00D4F426 /* UserdefaultsProtocol.swift */,
				1DDEE7E02444363B005BC7D8 /* CropTableViewCell.swift */,
			);
			path = UserDefaults;
			sourceTree = "<group>";
		};
		1D0B0842243D82640098D644 /* Models */ = {
			isa = PBXGroup;
			children = (
				1DDEE7DC244432CF005BC7D8 /* Crop.swift */,
				1DFBCFC42446B63900DCC4B2 /* UserCropRelation.swift */,
				1DFBCFC82446CF4C00DCC4B2 /* User.swift */,
			);
			path = Models;
			sourceTree = "<group>";
		};
		1D2FCB812445A16D0024FFBB /* Database */ = {
			isa = PBXGroup;
			children = (
				1D2FCB822445A17F0024FFBB /* DatabaseProtocol.swift */,
				1D2FCB842445A2EF0024FFBB /* MulticastDelegate.swift */,
				1D2FCB862445A3110024FFBB /* FirebaseController.swift */,
			);
			path = Database;
			sourceTree = "<group>";
		};
		1D9EED22243C3A7D00EE97D2 = {
			isa = PBXGroup;
			children = (
				1D9EED2D243C3A7D00EE97D2 /* GreenFarmMonitor */,
				1D9EED44243C3A7E00EE97D2 /* GreenFarmMonitorTests */,
				1D9EED4F243C3A7F00EE97D2 /* GreenFarmMonitorUITests */,
				1D9EED2C243C3A7D00EE97D2 /* Products */,
				9BB5EE78BDC93058F8D33EB0 /* Pods */,
				12C4BB09FC6B58A9390B1918 /* Frameworks */,
			);
			sourceTree = "<group>";
		};
		1D9EED2C243C3A7D00EE97D2 /* Products */ = {
			isa = PBXGroup;
			children = (
				1D9EED2B243C3A7D00EE97D2 /* Green Farm Monitor.app */,
				1D9EED41243C3A7E00EE97D2 /* GreenFarmMonitorTests.xctest */,
				1D9EED4C243C3A7F00EE97D2 /* GreenFarmMonitorUITests.xctest */,
			);
			name = Products;
			sourceTree = "<group>";
		};
		1D9EED2D243C3A7D00EE97D2 /* GreenFarmMonitor */ = {
			isa = PBXGroup;
			children = (
				1D2FCB812445A16D0024FFBB /* Database */,
				1D0B0842243D82640098D644 /* Models */,
				1D0B0840243D82390098D644 /* UserDefaults */,
				1D9EED2E243C3A7D00EE97D2 /* AppDelegate.swift */,
				1D2FCB7524457FF10024FFBB /* Fonts */,
				1D9EED30243C3A7D00EE97D2 /* SceneDelegate.swift */,
				1D9EED32243C3A7D00EE97D2 /* ViewController.swift */,
				1D9EED34243C3A7D00EE97D2 /* Main.storyboard */,
				1DDEE7E824446777005BC7D8 /* MyCropCellTableViewCell.swift */,
				1D9EED37243C3A7E00EE97D2 /* Assets.xcassets */,
				1D9EED39243C3A7E00EE97D2 /* LaunchScreen.storyboard */,
				1D9EED3C243C3A7E00EE97D2 /* Info.plist */,
				1D2FCB882445BB9F0024FFBB /* GoogleService-Info.plist */,
				1DDEE7DE244433D3005BC7D8 /* MyCropTableViewController.swift */,
				1DDEE7E4244443CD005BC7D8 /* AddNewCropViewController.swift */,
				1DDEE7E624445EEC005BC7D8 /* DetailNewCropViewController.swift */,
				E883C943244442F3006F6AC8 /* DiseaseOfCrops.swift */,
				1DDEE7EC24448112005BC7D8 /* FirstViewController.swift */,
				1DDEE7F124448F68005BC7D8 /* intro2.mp4 */,
				1DDEE7F324449C46005BC7D8 /* MyCropMainTableViewCell.swift */,
				1D2FCB7324457EA80024FFBB /* OnboardingViewController.swift */,
				E883C94124443BEB006F6AC8 /* DiseaseViewController.swift */,
				E883C94524444B8B006F6AC8 /* MyCropsTableViewCell.swift */,
				E883C94724444BDB006F6AC8 /* DiseaseTableViewCell.swift */,
				E883C94924446A04006F6AC8 /* DetailOfDiseaseViewController.swift */,
				E883C94B244473E1006F6AC8 /* SymptomsViewController.swift */,
				1DFBCFC62446CBBC00DCC4B2 /* LoginViewController.swift */,
			);
			path = GreenFarmMonitor;
			sourceTree = "<group>";
		};
		1D9EED44243C3A7E00EE97D2 /* GreenFarmMonitorTests */ = {
			isa = PBXGroup;
			children = (
				1D9EED45243C3A7E00EE97D2 /* GreenFarmMonitorTests.swift */,
				1D9EED47243C3A7E00EE97D2 /* Info.plist */,
			);
			path = GreenFarmMonitorTests;
			sourceTree = "<group>";
		};
		1D9EED4F243C3A7F00EE97D2 /* GreenFarmMonitorUITests */ = {
			isa = PBXGroup;
			children = (
				1D9EED50243C3A7F00EE97D2 /* GreenFarmMonitorUITests.swift */,
				1D9EED52243C3A7F00EE97D2 /* Info.plist */,
			);
			path = GreenFarmMonitorUITests;
			sourceTree = "<group>";
		};
		9BB5EE78BDC93058F8D33EB0 /* Pods */ = {
			isa = PBXGroup;
			children = (
				84188086EAE359F9609095B7 /* Pods-GreenFarmMonitor.debug.xcconfig */,
				5199DFB7DDCBF11918E71EB6 /* Pods-GreenFarmMonitor.release.xcconfig */,
				24C2FF36E3EE696890DBFDC0 /* Pods-GreenFarmMonitor-GreenFarmMonitorUITests.debug.xcconfig */,
				858380275824480C34138CC4 /* Pods-GreenFarmMonitor-GreenFarmMonitorUITests.release.xcconfig */,
				D72296D4C58E57A318A390F9 /* Pods-GreenFarmMonitorTests.debug.xcconfig */,
				D31F8651731FD2164B702A8E /* Pods-GreenFarmMonitorTests.release.xcconfig */,
			);
			path = Pods;
			sourceTree = "<group>";
		};
/* End PBXGroup section */

/* Begin PBXNativeTarget section */
		1D9EED2A243C3A7D00EE97D2 /* GreenFarmMonitor */ = {
			isa = PBXNativeTarget;
			buildConfigurationList = 1D9EED55243C3A7F00EE97D2 /* Build configuration list for PBXNativeTarget "GreenFarmMonitor" */;
			buildPhases = (
				5CD9662893DA01390946CD7B /* [CP] Check Pods Manifest.lock */,
				1D9EED27243C3A7D00EE97D2 /* Sources */,
				1D9EED28243C3A7D00EE97D2 /* Frameworks */,
				1D9EED29243C3A7D00EE97D2 /* Resources */,
				5D40C9329231FA76C217CA40 /* [CP] Embed Pods Frameworks */,
			);
			buildRules = (
			);
			dependencies = (
			);
			name = GreenFarmMonitor;
			productName = GreenFarmMonitor;
			productReference = 1D9EED2B243C3A7D00EE97D2 /* Green Farm Monitor.app */;
			productType = "com.apple.product-type.application";
		};
		1D9EED40243C3A7E00EE97D2 /* GreenFarmMonitorTests */ = {
			isa = PBXNativeTarget;
			buildConfigurationList = 1D9EED58243C3A7F00EE97D2 /* Build configuration list for PBXNativeTarget "GreenFarmMonitorTests" */;
			buildPhases = (
				1136C82C0ECD0C5649ADB753 /* [CP] Check Pods Manifest.lock */,
				1D9EED3D243C3A7E00EE97D2 /* Sources */,
				1D9EED3E243C3A7E00EE97D2 /* Frameworks */,
				1D9EED3F243C3A7E00EE97D2 /* Resources */,
			);
			buildRules = (
			);
			dependencies = (
				1D9EED43243C3A7E00EE97D2 /* PBXTargetDependency */,
			);
			name = GreenFarmMonitorTests;
			productName = GreenFarmMonitorTests;
			productReference = 1D9EED41243C3A7E00EE97D2 /* GreenFarmMonitorTests.xctest */;
			productType = "com.apple.product-type.bundle.unit-test";
		};
		1D9EED4B243C3A7F00EE97D2 /* GreenFarmMonitorUITests */ = {
			isa = PBXNativeTarget;
			buildConfigurationList = 1D9EED5B243C3A7F00EE97D2 /* Build configuration list for PBXNativeTarget "GreenFarmMonitorUITests" */;
			buildPhases = (
				B65C34211924A30BE3C4B158 /* [CP] Check Pods Manifest.lock */,
				1D9EED48243C3A7F00EE97D2 /* Sources */,
				1D9EED49243C3A7F00EE97D2 /* Frameworks */,
				1D9EED4A243C3A7F00EE97D2 /* Resources */,
				AF3DC764E123DB5AB03EC658 /* [CP] Embed Pods Frameworks */,
			);
			buildRules = (
			);
			dependencies = (
				1D9EED4E243C3A7F00EE97D2 /* PBXTargetDependency */,
			);
			name = GreenFarmMonitorUITests;
			productName = GreenFarmMonitorUITests;
			productReference = 1D9EED4C243C3A7F00EE97D2 /* GreenFarmMonitorUITests.xctest */;
			productType = "com.apple.product-type.bundle.ui-testing";
		};
/* End PBXNativeTarget section */

/* Begin PBXProject section */
		1D9EED23243C3A7D00EE97D2 /* Project object */ = {
			isa = PBXProject;
			attributes = {
				LastSwiftUpdateCheck = 1130;
				LastUpgradeCheck = 1130;
				ORGANIZATIONNAME = "Nikhil Gholap";
				TargetAttributes = {
					1D9EED2A243C3A7D00EE97D2 = {
						CreatedOnToolsVersion = 11.3.1;
					};
					1D9EED40243C3A7E00EE97D2 = {
						CreatedOnToolsVersion = 11.3.1;
						TestTargetID = 1D9EED2A243C3A7D00EE97D2;
					};
					1D9EED4B243C3A7F00EE97D2 = {
						CreatedOnToolsVersion = 11.3.1;
						TestTargetID = 1D9EED2A243C3A7D00EE97D2;
					};
				};
			};
			buildConfigurationList = 1D9EED26243C3A7D00EE97D2 /* Build configuration list for PBXProject "GreenFarmMonitor" */;
			compatibilityVersion = "Xcode 9.3";
			developmentRegion = en;
			hasScannedForEncodings = 0;
			knownRegions = (
				en,
				Base,
			);
			mainGroup = 1D9EED22243C3A7D00EE97D2;
			productRefGroup = 1D9EED2C243C3A7D00EE97D2 /* Products */;
			projectDirPath = "";
			projectRoot = "";
			targets = (
				1D9EED2A243C3A7D00EE97D2 /* GreenFarmMonitor */,
				1D9EED40243C3A7E00EE97D2 /* GreenFarmMonitorTests */,
				1D9EED4B243C3A7F00EE97D2 /* GreenFarmMonitorUITests */,
			);
		};
/* End PBXProject section */

/* Begin PBXResourcesBuildPhase section */
		1D9EED29243C3A7D00EE97D2 /* Resources */ = {
			isa = PBXResourcesBuildPhase;
			buildActionMask = 2147483647;
			files = (
				1D2FCB7624457FF10024FFBB /* Fonts in Resources */,
				1DDEE7F224448F72005BC7D8 /* intro2.mp4 in Resources */,
				1D9EED3B243C3A7E00EE97D2 /* LaunchScreen.storyboard in Resources */,
				1D9EED38243C3A7E00EE97D2 /* Assets.xcassets in Resources */,
				1D9EED36243C3A7D00EE97D2 /* Main.storyboard in Resources */,
				1D2FCB892445BB9F0024FFBB /* GoogleService-Info.plist in Resources */,
			);
			runOnlyForDeploymentPostprocessing = 0;
		};
		1D9EED3F243C3A7E00EE97D2 /* Resources */ = {
			isa = PBXResourcesBuildPhase;
			buildActionMask = 2147483647;
			files = (
			);
			runOnlyForDeploymentPostprocessing = 0;
		};
		1D9EED4A243C3A7F00EE97D2 /* Resources */ = {
			isa = PBXResourcesBuildPhase;
			buildActionMask = 2147483647;
			files = (
			);
			runOnlyForDeploymentPostprocessing = 0;
		};
/* End PBXResourcesBuildPhase section */

/* Begin PBXShellScriptBuildPhase section */
		1136C82C0ECD0C5649ADB753 /* [CP] Check Pods Manifest.lock */ = {
			isa = PBXShellScriptBuildPhase;
			buildActionMask = 2147483647;
			files = (
			);
			inputFileListPaths = (
			);
			inputPaths = (
				"${PODS_PODFILE_DIR_PATH}/Podfile.lock",
				"${PODS_ROOT}/Manifest.lock",
			);
			name = "[CP] Check Pods Manifest.lock";
			outputFileListPaths = (
			);
			outputPaths = (
				"$(DERIVED_FILE_DIR)/Pods-GreenFarmMonitorTests-checkManifestLockResult.txt",
			);
			runOnlyForDeploymentPostprocessing = 0;
			shellPath = /bin/sh;
			shellScript = "diff \"${PODS_PODFILE_DIR_PATH}/Podfile.lock\" \"${PODS_ROOT}/Manifest.lock\" > /dev/null\nif [ $? != 0 ] ; then\n    # print error to STDERR\n    echo \"error: The sandbox is not in sync with the Podfile.lock. Run 'pod install' or update your CocoaPods installation.\" >&2\n    exit 1\nfi\n# This output is used by Xcode 'outputs' to avoid re-running this script phase.\necho \"SUCCESS\" > \"${SCRIPT_OUTPUT_FILE_0}\"\n";
			showEnvVarsInLog = 0;
		};
		5CD9662893DA01390946CD7B /* [CP] Check Pods Manifest.lock */ = {
			isa = PBXShellScriptBuildPhase;
			buildActionMask = 2147483647;
			files = (
			);
			inputFileListPaths = (
			);
			inputPaths = (
				"${PODS_PODFILE_DIR_PATH}/Podfile.lock",
				"${PODS_ROOT}/Manifest.lock",
			);
			name = "[CP] Check Pods Manifest.lock";
			outputFileListPaths = (
			);
			outputPaths = (
				"$(DERIVED_FILE_DIR)/Pods-GreenFarmMonitor-checkManifestLockResult.txt",
			);
			runOnlyForDeploymentPostprocessing = 0;
			shellPath = /bin/sh;
			shellScript = "diff \"${PODS_PODFILE_DIR_PATH}/Podfile.lock\" \"${PODS_ROOT}/Manifest.lock\" > /dev/null\nif [ $? != 0 ] ; then\n    # print error to STDERR\n    echo \"error: The sandbox is not in sync with the Podfile.lock. Run 'pod install' or update your CocoaPods installation.\" >&2\n    exit 1\nfi\n# This output is used by Xcode 'outputs' to avoid re-running this script phase.\necho \"SUCCESS\" > \"${SCRIPT_OUTPUT_FILE_0}\"\n";
			showEnvVarsInLog = 0;
		};
		5D40C9329231FA76C217CA40 /* [CP] Embed Pods Frameworks */ = {
			isa = PBXShellScriptBuildPhase;
			buildActionMask = 2147483647;
			files = (
			);
			inputFileListPaths = (
				"${PODS_ROOT}/Target Support Files/Pods-GreenFarmMonitor/Pods-GreenFarmMonitor-frameworks-${CONFIGURATION}-input-files.xcfilelist",
			);
			name = "[CP] Embed Pods Frameworks";
			outputFileListPaths = (
				"${PODS_ROOT}/Target Support Files/Pods-GreenFarmMonitor/Pods-GreenFarmMonitor-frameworks-${CONFIGURATION}-output-files.xcfilelist",
			);
			runOnlyForDeploymentPostprocessing = 0;
			shellPath = /bin/sh;
			shellScript = "\"${PODS_ROOT}/Target Support Files/Pods-GreenFarmMonitor/Pods-GreenFarmMonitor-frameworks.sh\"\n";
			showEnvVarsInLog = 0;
		};
		AF3DC764E123DB5AB03EC658 /* [CP] Embed Pods Frameworks */ = {
			isa = PBXShellScriptBuildPhase;
			buildActionMask = 2147483647;
			files = (
			);
			inputFileListPaths = (
				"${PODS_ROOT}/Target Support Files/Pods-GreenFarmMonitor-GreenFarmMonitorUITests/Pods-GreenFarmMonitor-GreenFarmMonitorUITests-frameworks-${CONFIGURATION}-input-files.xcfilelist",
			);
			name = "[CP] Embed Pods Frameworks";
			outputFileListPaths = (
				"${PODS_ROOT}/Target Support Files/Pods-GreenFarmMonitor-GreenFarmMonitorUITests/Pods-GreenFarmMonitor-GreenFarmMonitorUITests-frameworks-${CONFIGURATION}-output-files.xcfilelist",
			);
			runOnlyForDeploymentPostprocessing = 0;
			shellPath = /bin/sh;
			shellScript = "\"${PODS_ROOT}/Target Support Files/Pods-GreenFarmMonitor-GreenFarmMonitorUITests/Pods-GreenFarmMonitor-GreenFarmMonitorUITests-frameworks.sh\"\n";
			showEnvVarsInLog = 0;
		};
		B65C34211924A30BE3C4B158 /* [CP] Check Pods Manifest.lock */ = {
			isa = PBXShellScriptBuildPhase;
			buildActionMask = 2147483647;
			files = (
			);
			inputFileListPaths = (
			);
			inputPaths = (
				"${PODS_PODFILE_DIR_PATH}/Podfile.lock",
				"${PODS_ROOT}/Manifest.lock",
			);
			name = "[CP] Check Pods Manifest.lock";
			outputFileListPaths = (
			);
			outputPaths = (
				"$(DERIVED_FILE_DIR)/Pods-GreenFarmMonitor-GreenFarmMonitorUITests-checkManifestLockResult.txt",
			);
			runOnlyForDeploymentPostprocessing = 0;
			shellPath = /bin/sh;
			shellScript = "diff \"${PODS_PODFILE_DIR_PATH}/Podfile.lock\" \"${PODS_ROOT}/Manifest.lock\" > /dev/null\nif [ $? != 0 ] ; then\n    # print error to STDERR\n    echo \"error: The sandbox is not in sync with the Podfile.lock. Run 'pod install' or update your CocoaPods installation.\" >&2\n    exit 1\nfi\n# This output is used by Xcode 'outputs' to avoid re-running this script phase.\necho \"SUCCESS\" > \"${SCRIPT_OUTPUT_FILE_0}\"\n";
			showEnvVarsInLog = 0;
		};
/* End PBXShellScriptBuildPhase section */

/* Begin PBXSourcesBuildPhase section */
		1D9EED27243C3A7D00EE97D2 /* Sources */ = {
			isa = PBXSourcesBuildPhase;
			buildActionMask = 2147483647;
			files = (
				1DFBCFC92446CF4C00DCC4B2 /* User.swift in Sources */,
				1DDEE7E12444363B005BC7D8 /* CropTableViewCell.swift in Sources */,
				1DDEE7E924446777005BC7D8 /* MyCropCellTableViewCell.swift in Sources */,
				1DDEE7DD244432CF005BC7D8 /* Crop.swift in Sources */,
				1D9EED33243C3A7D00EE97D2 /* ViewController.swift in Sources */,
				1DDEE7E5244443CD005BC7D8 /* AddNewCropViewController.swift in Sources */,
				1DDEE7ED24448112005BC7D8 /* FirstViewController.swift in Sources */,
				1DDEE7E724445EEC005BC7D8 /* DetailNewCropViewController.swift in Sources */,
				1D2FCB7424457EA80024FFBB /* OnboardingViewController.swift in Sources */,
				1D502981243D919A00D4F426 /* UserdefaultsProtocol.swift in Sources */,
				1DDEE7F424449C46005BC7D8 /* MyCropMainTableViewCell.swift in Sources */,
				1D2FCB872445A3110024FFBB /* FirebaseController.swift in Sources */,
				1DDEE7DF244433D3005BC7D8 /* MyCropTableViewController.swift in Sources */,
				E883C94C244473E1006F6AC8 /* SymptomsViewController.swift in Sources */,
				1DFBCFC72446CBBC00DCC4B2 /* LoginViewController.swift in Sources */,
				1D9EED2F243C3A7D00EE97D2 /* AppDelegate.swift in Sources */,
				E883C94824444BDB006F6AC8 /* DiseaseTableViewCell.swift in Sources */,
				1D50297D243D90C100D4F426 /* UserdefaultsController.swift in Sources */,
				E883C944244442F3006F6AC8 /* DiseaseOfCrops.swift in Sources */,
				E883C94624444B8B006F6AC8 /* MyCropsTableViewCell.swift in Sources */,
				1DFBCFC52446B63900DCC4B2 /* UserCropRelation.swift in Sources */,
				E883C94A24446A04006F6AC8 /* DetailOfDiseaseViewController.swift in Sources */,
				1D9EED31243C3A7D00EE97D2 /* SceneDelegate.swift in Sources */,
				1D2FCB852445A2EF0024FFBB /* MulticastDelegate.swift in Sources */,
				E883C94224443BEB006F6AC8 /* DiseaseViewController.swift in Sources */,
				1D2FCB832445A17F0024FFBB /* DatabaseProtocol.swift in Sources */,
			);
			runOnlyForDeploymentPostprocessing = 0;
		};
		1D9EED3D243C3A7E00EE97D2 /* Sources */ = {
			isa = PBXSourcesBuildPhase;
			buildActionMask = 2147483647;
			files = (
				1D9EED46243C3A7E00EE97D2 /* GreenFarmMonitorTests.swift in Sources */,
			);
			runOnlyForDeploymentPostprocessing = 0;
		};
		1D9EED48243C3A7F00EE97D2 /* Sources */ = {
			isa = PBXSourcesBuildPhase;
			buildActionMask = 2147483647;
			files = (
				1D9EED51243C3A7F00EE97D2 /* GreenFarmMonitorUITests.swift in Sources */,
			);
			runOnlyForDeploymentPostprocessing = 0;
		};
/* End PBXSourcesBuildPhase section */

/* Begin PBXTargetDependency section */
		1D9EED43243C3A7E00EE97D2 /* PBXTargetDependency */ = {
			isa = PBXTargetDependency;
			target = 1D9EED2A243C3A7D00EE97D2 /* GreenFarmMonitor */;
			targetProxy = 1D9EED42243C3A7E00EE97D2 /* PBXContainerItemProxy */;
		};
		1D9EED4E243C3A7F00EE97D2 /* PBXTargetDependency */ = {
			isa = PBXTargetDependency;
			target = 1D9EED2A243C3A7D00EE97D2 /* GreenFarmMonitor */;
			targetProxy = 1D9EED4D243C3A7F00EE97D2 /* PBXContainerItemProxy */;
		};
/* End PBXTargetDependency section */

/* Begin PBXVariantGroup section */
		1D9EED34243C3A7D00EE97D2 /* Main.storyboard */ = {
			isa = PBXVariantGroup;
			children = (
				1D9EED35243C3A7D00EE97D2 /* Base */,
			);
			name = Main.storyboard;
			sourceTree = "<group>";
		};
		1D9EED39243C3A7E00EE97D2 /* LaunchScreen.storyboard */ = {
			isa = PBXVariantGroup;
			children = (
				1D9EED3A243C3A7E00EE97D2 /* Base */,
			);
			name = LaunchScreen.storyboard;
			sourceTree = "<group>";
		};
/* End PBXVariantGroup section */

/* Begin XCBuildConfiguration section */
		1D9EED53243C3A7F00EE97D2 /* Debug */ = {
			isa = XCBuildConfiguration;
			buildSettings = {
				ALWAYS_SEARCH_USER_PATHS = NO;
				CLANG_ANALYZER_NONNULL = YES;
				CLANG_ANALYZER_NUMBER_OBJECT_CONVERSION = YES_AGGRESSIVE;
				CLANG_CXX_LANGUAGE_STANDARD = "gnu++14";
				CLANG_CXX_LIBRARY = "libc++";
				CLANG_ENABLE_MODULES = YES;
				CLANG_ENABLE_OBJC_ARC = YES;
				CLANG_ENABLE_OBJC_WEAK = YES;
				CLANG_WARN_BLOCK_CAPTURE_AUTORELEASING = YES;
				CLANG_WARN_BOOL_CONVERSION = YES;
				CLANG_WARN_COMMA = YES;
				CLANG_WARN_CONSTANT_CONVERSION = YES;
				CLANG_WARN_DEPRECATED_OBJC_IMPLEMENTATIONS = YES;
				CLANG_WARN_DIRECT_OBJC_ISA_USAGE = YES_ERROR;
				CLANG_WARN_DOCUMENTATION_COMMENTS = YES;
				CLANG_WARN_EMPTY_BODY = YES;
				CLANG_WARN_ENUM_CONVERSION = YES;
				CLANG_WARN_INFINITE_RECURSION = YES;
				CLANG_WARN_INT_CONVERSION = YES;
				CLANG_WARN_NON_LITERAL_NULL_CONVERSION = YES;
				CLANG_WARN_OBJC_IMPLICIT_RETAIN_SELF = YES;
				CLANG_WARN_OBJC_LITERAL_CONVERSION = YES;
				CLANG_WARN_OBJC_ROOT_CLASS = YES_ERROR;
				CLANG_WARN_RANGE_LOOP_ANALYSIS = YES;
				CLANG_WARN_STRICT_PROTOTYPES = YES;
				CLANG_WARN_SUSPICIOUS_MOVE = YES;
				CLANG_WARN_UNGUARDED_AVAILABILITY = YES_AGGRESSIVE;
				CLANG_WARN_UNREACHABLE_CODE = YES;
				CLANG_WARN__DUPLICATE_METHOD_MATCH = YES;
				COPY_PHASE_STRIP = NO;
				DEBUG_INFORMATION_FORMAT = dwarf;
				ENABLE_STRICT_OBJC_MSGSEND = YES;
				ENABLE_TESTABILITY = YES;
				GCC_C_LANGUAGE_STANDARD = gnu11;
				GCC_DYNAMIC_NO_PIC = NO;
				GCC_NO_COMMON_BLOCKS = YES;
				GCC_OPTIMIZATION_LEVEL = 0;
				GCC_PREPROCESSOR_DEFINITIONS = (
					"DEBUG=1",
					"$(inherited)",
				);
				GCC_WARN_64_TO_32_BIT_CONVERSION = YES;
				GCC_WARN_ABOUT_RETURN_TYPE = YES_ERROR;
				GCC_WARN_UNDECLARED_SELECTOR = YES;
				GCC_WARN_UNINITIALIZED_AUTOS = YES_AGGRESSIVE;
				GCC_WARN_UNUSED_FUNCTION = YES;
				GCC_WARN_UNUSED_VARIABLE = YES;
				IPHONEOS_DEPLOYMENT_TARGET = 13.2;
				MTL_ENABLE_DEBUG_INFO = INCLUDE_SOURCE;
				MTL_FAST_MATH = YES;
				ONLY_ACTIVE_ARCH = YES;
				SDKROOT = iphoneos;
				SWIFT_ACTIVE_COMPILATION_CONDITIONS = DEBUG;
				SWIFT_OPTIMIZATION_LEVEL = "-Onone";
			};
			name = Debug;
		};
		1D9EED54243C3A7F00EE97D2 /* Release */ = {
			isa = XCBuildConfiguration;
			buildSettings = {
				ALWAYS_SEARCH_USER_PATHS = NO;
				CLANG_ANALYZER_NONNULL = YES;
				CLANG_ANALYZER_NUMBER_OBJECT_CONVERSION = YES_AGGRESSIVE;
				CLANG_CXX_LANGUAGE_STANDARD = "gnu++14";
				CLANG_CXX_LIBRARY = "libc++";
				CLANG_ENABLE_MODULES = YES;
				CLANG_ENABLE_OBJC_ARC = YES;
				CLANG_ENABLE_OBJC_WEAK = YES;
				CLANG_WARN_BLOCK_CAPTURE_AUTORELEASING = YES;
				CLANG_WARN_BOOL_CONVERSION = YES;
				CLANG_WARN_COMMA = YES;
				CLANG_WARN_CONSTANT_CONVERSION = YES;
				CLANG_WARN_DEPRECATED_OBJC_IMPLEMENTATIONS = YES;
				CLANG_WARN_DIRECT_OBJC_ISA_USAGE = YES_ERROR;
				CLANG_WARN_DOCUMENTATION_COMMENTS = YES;
				CLANG_WARN_EMPTY_BODY = YES;
				CLANG_WARN_ENUM_CONVERSION = YES;
				CLANG_WARN_INFINITE_RECURSION = YES;
				CLANG_WARN_INT_CONVERSION = YES;
				CLANG_WARN_NON_LITERAL_NULL_CONVERSION = YES;
				CLANG_WARN_OBJC_IMPLICIT_RETAIN_SELF = YES;
				CLANG_WARN_OBJC_LITERAL_CONVERSION = YES;
				CLANG_WARN_OBJC_ROOT_CLASS = YES_ERROR;
				CLANG_WARN_RANGE_LOOP_ANALYSIS = YES;
				CLANG_WARN_STRICT_PROTOTYPES = YES;
				CLANG_WARN_SUSPICIOUS_MOVE = YES;
				CLANG_WARN_UNGUARDED_AVAILABILITY = YES_AGGRESSIVE;
				CLANG_WARN_UNREACHABLE_CODE = YES;
				CLANG_WARN__DUPLICATE_METHOD_MATCH = YES;
				COPY_PHASE_STRIP = NO;
				DEBUG_INFORMATION_FORMAT = "dwarf-with-dsym";
				ENABLE_NS_ASSERTIONS = NO;
				ENABLE_STRICT_OBJC_MSGSEND = YES;
				GCC_C_LANGUAGE_STANDARD = gnu11;
				GCC_NO_COMMON_BLOCKS = YES;
				GCC_WARN_64_TO_32_BIT_CONVERSION = YES;
				GCC_WARN_ABOUT_RETURN_TYPE = YES_ERROR;
				GCC_WARN_UNDECLARED_SELECTOR = YES;
				GCC_WARN_UNINITIALIZED_AUTOS = YES_AGGRESSIVE;
				GCC_WARN_UNUSED_FUNCTION = YES;
				GCC_WARN_UNUSED_VARIABLE = YES;
				IPHONEOS_DEPLOYMENT_TARGET = 13.2;
				MTL_ENABLE_DEBUG_INFO = NO;
				MTL_FAST_MATH = YES;
				SDKROOT = iphoneos;
				SWIFT_COMPILATION_MODE = wholemodule;
				SWIFT_OPTIMIZATION_LEVEL = "-O";
				VALIDATE_PRODUCT = YES;
			};
			name = Release;
		};
		1D9EED56243C3A7F00EE97D2 /* Debug */ = {
			isa = XCBuildConfiguration;
			baseConfigurationReference = 84188086EAE359F9609095B7 /* Pods-GreenFarmMonitor.debug.xcconfig */;
			buildSettings = {
				ASSETCATALOG_COMPILER_APPICON_NAME = AppIcon;
				CODE_SIGN_STYLE = Automatic;
				INFOPLIST_FILE = GreenFarmMonitor/Info.plist;
				LD_RUNPATH_SEARCH_PATHS = (
					"$(inherited)",
					"@executable_path/Frameworks",
				);
				PRODUCT_BUNDLE_IDENTIFIER = com.dev.GreenFarmMonitor;
				PRODUCT_NAME = "Green Farm Monitor";
				SWIFT_VERSION = 5.0;
				TARGETED_DEVICE_FAMILY = "1,2";
			};
			name = Debug;
		};
		1D9EED57243C3A7F00EE97D2 /* Release */ = {
			isa = XCBuildConfiguration;
			baseConfigurationReference = 5199DFB7DDCBF11918E71EB6 /* Pods-GreenFarmMonitor.release.xcconfig */;
			buildSettings = {
				ASSETCATALOG_COMPILER_APPICON_NAME = AppIcon;
				CODE_SIGN_STYLE = Automatic;
				INFOPLIST_FILE = GreenFarmMonitor/Info.plist;
				LD_RUNPATH_SEARCH_PATHS = (
					"$(inherited)",
					"@executable_path/Frameworks",
				);
				PRODUCT_BUNDLE_IDENTIFIER = com.dev.GreenFarmMonitor;
				PRODUCT_NAME = "Green Farm Monitor";
				SWIFT_VERSION = 5.0;
				TARGETED_DEVICE_FAMILY = "1,2";
			};
			name = Release;
		};
		1D9EED59243C3A7F00EE97D2 /* Debug */ = {
			isa = XCBuildConfiguration;
			baseConfigurationReference = D72296D4C58E57A318A390F9 /* Pods-GreenFarmMonitorTests.debug.xcconfig */;
			buildSettings = {
				ALWAYS_EMBED_SWIFT_STANDARD_LIBRARIES = YES;
				BUNDLE_LOADER = "$(TEST_HOST)";
				CODE_SIGN_STYLE = Automatic;
				INFOPLIST_FILE = GreenFarmMonitorTests/Info.plist;
				IPHONEOS_DEPLOYMENT_TARGET = 13.2;
				LD_RUNPATH_SEARCH_PATHS = (
					"$(inherited)",
					"@executable_path/Frameworks",
					"@loader_path/Frameworks",
				);
				PRODUCT_BUNDLE_IDENTIFIER = com.dev.GreenFarmMonitorTests;
				PRODUCT_NAME = "$(TARGET_NAME)";
				SWIFT_VERSION = 5.0;
				TARGETED_DEVICE_FAMILY = "1,2";
				TEST_HOST = "$(BUILT_PRODUCTS_DIR)/GreenFarmMonitor.app/GreenFarmMonitor";
			};
			name = Debug;
		};
		1D9EED5A243C3A7F00EE97D2 /* Release */ = {
			isa = XCBuildConfiguration;
			baseConfigurationReference = D31F8651731FD2164B702A8E /* Pods-GreenFarmMonitorTests.release.xcconfig */;
			buildSettings = {
				ALWAYS_EMBED_SWIFT_STANDARD_LIBRARIES = YES;
				BUNDLE_LOADER = "$(TEST_HOST)";
				CODE_SIGN_STYLE = Automatic;
				INFOPLIST_FILE = GreenFarmMonitorTests/Info.plist;
				IPHONEOS_DEPLOYMENT_TARGET = 13.2;
				LD_RUNPATH_SEARCH_PATHS = (
					"$(inherited)",
					"@executable_path/Frameworks",
					"@loader_path/Frameworks",
				);
				PRODUCT_BUNDLE_IDENTIFIER = com.dev.GreenFarmMonitorTests;
				PRODUCT_NAME = "$(TARGET_NAME)";
				SWIFT_VERSION = 5.0;
				TARGETED_DEVICE_FAMILY = "1,2";
				TEST_HOST = "$(BUILT_PRODUCTS_DIR)/GreenFarmMonitor.app/GreenFarmMonitor";
			};
			name = Release;
		};
		1D9EED5C243C3A7F00EE97D2 /* Debug */ = {
			isa = XCBuildConfiguration;
			baseConfigurationReference = 24C2FF36E3EE696890DBFDC0 /* Pods-GreenFarmMonitor-GreenFarmMonitorUITests.debug.xcconfig */;
			buildSettings = {
				ALWAYS_EMBED_SWIFT_STANDARD_LIBRARIES = YES;
				CODE_SIGN_STYLE = Automatic;
				INFOPLIST_FILE = GreenFarmMonitorUITests/Info.plist;
				LD_RUNPATH_SEARCH_PATHS = (
					"$(inherited)",
					"@executable_path/Frameworks",
					"@loader_path/Frameworks",
				);
				PRODUCT_BUNDLE_IDENTIFIER = com.dev.GreenFarmMonitorUITests;
				PRODUCT_NAME = "$(TARGET_NAME)";
				SWIFT_VERSION = 5.0;
				TARGETED_DEVICE_FAMILY = "1,2";
				TEST_TARGET_NAME = GreenFarmMonitor;
			};
			name = Debug;
		};
		1D9EED5D243C3A7F00EE97D2 /* Release */ = {
			isa = XCBuildConfiguration;
			baseConfigurationReference = 858380275824480C34138CC4 /* Pods-GreenFarmMonitor-GreenFarmMonitorUITests.release.xcconfig */;
			buildSettings = {
				ALWAYS_EMBED_SWIFT_STANDARD_LIBRARIES = YES;
				CODE_SIGN_STYLE = Automatic;
				INFOPLIST_FILE = GreenFarmMonitorUITests/Info.plist;
				LD_RUNPATH_SEARCH_PATHS = (
					"$(inherited)",
					"@executable_path/Frameworks",
					"@loader_path/Frameworks",
				);
				PRODUCT_BUNDLE_IDENTIFIER = com.dev.GreenFarmMonitorUITests;
				PRODUCT_NAME = "$(TARGET_NAME)";
				SWIFT_VERSION = 5.0;
				TARGETED_DEVICE_FAMILY = "1,2";
				TEST_TARGET_NAME = GreenFarmMonitor;
			};
			name = Release;
		};
/* End XCBuildConfiguration section */

/* Begin XCConfigurationList section */
		1D9EED26243C3A7D00EE97D2 /* Build configuration list for PBXProject "GreenFarmMonitor" */ = {
			isa = XCConfigurationList;
			buildConfigurations = (
				1D9EED53243C3A7F00EE97D2 /* Debug */,
				1D9EED54243C3A7F00EE97D2 /* Release */,
			);
			defaultConfigurationIsVisible = 0;
			defaultConfigurationName = Release;
		};
		1D9EED55243C3A7F00EE97D2 /* Build configuration list for PBXNativeTarget "GreenFarmMonitor" */ = {
			isa = XCConfigurationList;
			buildConfigurations = (
				1D9EED56243C3A7F00EE97D2 /* Debug */,
				1D9EED57243C3A7F00EE97D2 /* Release */,
			);
			defaultConfigurationIsVisible = 0;
			defaultConfigurationName = Release;
		};
		1D9EED58243C3A7F00EE97D2 /* Build configuration list for PBXNativeTarget "GreenFarmMonitorTests" */ = {
			isa = XCConfigurationList;
			buildConfigurations = (
				1D9EED59243C3A7F00EE97D2 /* Debug */,
				1D9EED5A243C3A7F00EE97D2 /* Release */,
			);
			defaultConfigurationIsVisible = 0;
			defaultConfigurationName = Release;
		};
		1D9EED5B243C3A7F00EE97D2 /* Build configuration list for PBXNativeTarget "GreenFarmMonitorUITests" */ = {
			isa = XCConfigurationList;
			buildConfigurations = (
				1D9EED5C243C3A7F00EE97D2 /* Debug */,
				1D9EED5D243C3A7F00EE97D2 /* Release */,
			);
			defaultConfigurationIsVisible = 0;
			defaultConfigurationName = Release;
		};
/* End XCConfigurationList section */
	};
	rootObject = 1D9EED23243C3A7D00EE97D2 /* Project object */;
}
